{
  "name": "Projeto-P.I-2022.2-",
  "lockfileVersion": 2,
  "requires": true,
  "packages": {
    "": {
      "dependencies": {
        "iframe": "^1.0.0"
      }
    },
    "node_modules/iframe": {
      "version": "1.0.0",
      "resolved": "https://registry.npmjs.org/iframe/-/iframe-1.0.0.tgz",
      "integrity": "sha512-Gn9nkImXrU8xQLvljaVnHFimYwBehKUcHoPG2YaWlXboA1rMsJ2uBzlN5kihaIbdami6PetBINnKR2rxS6GYig=="
    }
  },
  "dependencies": {
    "iframe": {
      "version": "1.0.0",
      "resolved": "https://registry.npmjs.org/iframe/-/iframe-1.0.0.tgz",
      "integrity": "sha512-Gn9nkImXrU8xQLvljaVnHFimYwBehKUcHoPG2YaWlXboA1rMsJ2uBzlN5kihaIbdami6PetBINnKR2rxS6GYig=="
    }
  }
}
